
Microsoft Visual Studio Solution File, Format Version 12.00
# Visual Studio Version 17
VisualStudioVersion = 17.0.32126.317
MinimumVisualStudioVersion = 10.0.40219.1
Project("{FAE04EC0-301F-11D3-BF4B-00C04F79EFBC}") = "WFAC220221", "WFAC220221.csproj", "{BC9C2D59-9D09-4638-93BA-8EF25A884A16}"
EndProject
Global
	GlobalSection(SolutionConfigurationPlatforms) = preSolution
		Debug|Any CPU = Debug|Any CPU
		Release|Any CPU = Release|Any CPU
	EndGlobalSection
	GlobalSection(ProjectConfigurationPlatforms) = postSolution
		{BC9C2D59-9D09-4638-93BA-8EF25A884A16}.Debug|Any CPU.ActiveCfg = Debug|Any CPU
		{BC9C2D59-9D09-4638-93BA-8EF25A884A16}.Debug|Any CPU.Build.0 = Debug|Any CPU
		{BC9C2D59-9D09-4638-93BA-8EF25A884A16}.Release|Any CPU.ActiveCfg = Release|Any CPU
		{BC9C2D59-9D09-4638-93BA-8EF25A884A16}.Release|Any CPU.Build.0 = Release|Any CPU
	EndGlobalSection
	GlobalSection(SolutionProperties) = preSolution
		HideSolutionNode = FALSE
	EndGlobalSection
	GlobalSection(ExtensibilityGlobals) = postSolution
		SolutionGuid = {F6448BD7-0DC4-4445-876A-0DB69B985B36}
	EndGlobalSection
EndGlobal
